
Microsoft Visual Studio Solution File, Format Version 12.00
# Visual Studio Version 17
VisualStudioVersion = 17.13.35825.156 d17.13
MinimumVisualStudioVersion = 10.0.40219.1
Project("{8BC9CEB8-8B4A-11D0-8D11-00A0C91BC942}") = "3_31code", "3_31code\3_31code.vcxproj", "{38150590-1E3E-403E-A7EF-87AEB4FFA3C1}"
EndProject
Global
	GlobalSection(SolutionConfigurationPlatforms) = preSolution
		Debug|x64 = Debug|x64
		Debug|x86 = Debug|x86
		Release|x64 = Release|x64
		Release|x86 = Release|x86
	EndGlobalSection
	GlobalSection(ProjectConfigurationPlatforms) = postSolution
		{38150590-1E3E-403E-A7EF-87AEB4FFA3C1}.Debug|x64.ActiveCfg = Debug|x64
		{38150590-1E3E-403E-A7EF-87AEB4FFA3C1}.Debug|x64.Build.0 = Debug|x64
		{38150590-1E3E-403E-A7EF-87AEB4FFA3C1}.Debug|x86.ActiveCfg = Debug|Win32
		{38150590-1E3E-403E-A7EF-87AEB4FFA3C1}.Debug|x86.Build.0 = Debug|Win32
		{38150590-1E3E-403E-A7EF-87AEB4FFA3C1}.Release|x64.ActiveCfg = Release|x64
		{38150590-1E3E-403E-A7EF-87AEB4FFA3C1}.Release|x64.Build.0 = Release|x64
		{38150590-1E3E-403E-A7EF-87AEB4FFA3C1}.Release|x86.ActiveCfg = Release|Win32
		{38150590-1E3E-403E-A7EF-87AEB4FFA3C1}.Release|x86.Build.0 = Release|Win32
	EndGlobalSection
	GlobalSection(SolutionProperties) = preSolution
		HideSolutionNode = FALSE
	EndGlobalSection
	GlobalSection(ExtensibilityGlobals) = postSolution
		SolutionGuid = {1174BDF0-D44F-4F39-8E64-3386D52284BE}
	EndGlobalSection
EndGlobal
